
Microsoft Visual Studio Solution File, Format Version 12.00
# Visual Studio Version 16
VisualStudioVersion = 16.0.31702.278
MinimumVisualStudioVersion = 10.0.40219.1
Project("{9A19103F-16F7-4668-BE54-9A1E7A4F7556}") = "GameNetBasicsClient", "GameNetBasicsClient\GameNetBasicsClient.csproj", "{09C93105-CE6A-451C-BE67-153361A53635}"
EndProject
Project("{9A19103F-16F7-4668-BE54-9A1E7A4F7556}") = "GameNetBasicsServer", "GameNetBasicsServer\GameNetBasicsServer.csproj", "{09852FCD-D064-43ED-AFC8-5A46F703D2AB}"
EndProject
Project("{FAE04EC0-301F-11D3-BF4B-00C04F79EFBC}") = "GameNetBasicsCommon", "GameNetBasicsCommon\GameNetBasicsCommon.csproj", "{D048BCD2-0AA8-435F-A9CE-74D0A853C971}"
EndProject
Global
	GlobalSection(SolutionConfigurationPlatforms) = preSolution
		Debug|Any CPU = Debug|Any CPU
		Release|Any CPU = Release|Any CPU
	EndGlobalSection
	GlobalSection(ProjectConfigurationPlatforms) = postSolution
		{09C93105-CE6A-451C-BE67-153361A53635}.Debug|Any CPU.ActiveCfg = Debug|Any CPU
		{09C93105-CE6A-451C-BE67-153361A53635}.Debug|Any CPU.Build.0 = Debug|Any CPU
		{09C93105-CE6A-451C-BE67-153361A53635}.Release|Any CPU.ActiveCfg = Release|Any CPU
		{09C93105-CE6A-451C-BE67-153361A53635}.Release|Any CPU.Build.0 = Release|Any CPU
		{09852FCD-D064-43ED-AFC8-5A46F703D2AB}.Debug|Any CPU.ActiveCfg = Debug|Any CPU
		{09852FCD-D064-43ED-AFC8-5A46F703D2AB}.Debug|Any CPU.Build.0 = Debug|Any CPU
		{09852FCD-D064-43ED-AFC8-5A46F703D2AB}.Release|Any CPU.ActiveCfg = Release|Any CPU
		{09852FCD-D064-43ED-AFC8-5A46F703D2AB}.Release|Any CPU.Build.0 = Release|Any CPU
		{D048BCD2-0AA8-435F-A9CE-74D0A853C971}.Debug|Any CPU.ActiveCfg = Debug|Any CPU
		{D048BCD2-0AA8-435F-A9CE-74D0A853C971}.Debug|Any CPU.Build.0 = Debug|Any CPU
		{D048BCD2-0AA8-435F-A9CE-74D0A853C971}.Release|Any CPU.ActiveCfg = Release|Any CPU
		{D048BCD2-0AA8-435F-A9CE-74D0A853C971}.Release|Any CPU.Build.0 = Release|Any CPU
	EndGlobalSection
	GlobalSection(SolutionProperties) = preSolution
		HideSolutionNode = FALSE
	EndGlobalSection
	GlobalSection(ExtensibilityGlobals) = postSolution
		SolutionGuid = {C318775F-4647-4C9B-95EF-F71542999F0D}
	EndGlobalSection
EndGlobal
